# This file is automatically @generated by Cargo.
# It is not intended for manual editing.
version = 4

[[package]]
name = "librfs"
version = "0.1.0"
dependencies = [
 "rfs-ess",
 "rfs-fuse",
 "rfs-pool",
 "rfs-utils",
]

[[package]]
name = "rfs-db"
version = "0.1.0"

[[package]]
name = "rfs-ess"
version = "0.1.0"

[[package]]
name = "rfs-fuse"
version = "0.1.0"

[[package]]
name = "rfs-pool"
version = "0.1.0"

[[package]]
name = "rfs-utils"
version = "0.1.0"
